PODS:
  - ObjectMapper (2.2.5)
  - ReactiveCocoa (5.0.1):
    - ReactiveSwift (~> 1.1)
  - ReactiveSwift (1.1.0):
    - Result (~> 3.1)
  - Result (3.2.1)
  - SSZipArchive (1.7)
  - SwiftMQTT (2.0.0)

DEPENDENCIES:
  - ObjectMapper (~> 2.2)
  - ReactiveCocoa (~> 5.0.1)
  - SSZipArchive
  - SwiftMQTT (from `https://github.com/mixalich7b/SwiftMQTT.git`, branch `HEAD`)

EXTERNAL SOURCES:
  SwiftMQTT:
    :branch: HEAD
    :git: https://github.com/mixalich7b/SwiftMQTT.git

CHECKOUT OPTIONS:
  SwiftMQTT:
    :commit: 432d42f05ea36eb763861310690422a0006dcd64
    :git: https://github.com/mixalich7b/SwiftMQTT.git

SPEC CHECKSUMS:
  ObjectMapper: fb30f71e08470d1e5a20b199fafe1246281db898
  ReactiveCocoa: f577006aa6c7b0b08020109ebaae3b77ada00adc
  ReactiveSwift: 2f4e4a02e5a5c87ea63f5fe667163ce2a67cbb57
  Result: 2453a22e5c5b11c0c3a478736e82cd02f763b781
  SSZipArchive: 63f8e11cfcc33e03e4cd666b4359ea8bd6facd0c
  SwiftMQTT: 1223cdf3056cd9211112e3f136aa221125b457e1

PODFILE CHECKSUM: 80e9c3b80be3083e3d9b9d234f46f34279beca1c

COCOAPODS: 1.2.0
